
Microsoft Visual Studio Solution File, Format Version 12.00
# Visual Studio 14
VisualStudioVersion = 14.0.25420.1
MinimumVisualStudioVersion = 10.0.40219.1
Project("{FAE04EC0-301F-11D3-BF4B-00C04F79EFBC}") = "AFKHostedService", "AFKHostedService\AFKHostedService.csproj", "{F699D2A3-E0FC-4434-A5C5-98885ACA8220}"
EndProject
Project("{2150E333-8FDC-42A3-9474-1A3956D46DE8}") = "SundryFiles", "SundryFiles", "{0A50BFFB-4519-4054-B8A5-5C70E02825CC}"
	ProjectSection(SolutionItems) = preProject
		SundryFiles\Snippets.snippet = SundryFiles\Snippets.snippet
	EndProjectSection
EndProject
Project("{FAE04EC0-301F-11D3-BF4B-00C04F79EFBC}") = "AFKWindowsService", "..\AFKWindowsService\AFKWindowsService.csproj", "{A9DB222A-04AE-4F6A-B964-AE3FA46D9E08}"
	ProjectSection(ProjectDependencies) = postProject
		{F699D2A3-E0FC-4434-A5C5-98885ACA8220} = {F699D2A3-E0FC-4434-A5C5-98885ACA8220}
	EndProjectSection
EndProject
Project("{FAE04EC0-301F-11D3-BF4B-00C04F79EFBC}") = "AFKApplet", "..\AFKApplet\AFKApplet\AFKApplet.csproj", "{4C59E302-A51A-4BA4-B630-893BFA5492C9}"
	ProjectSection(ProjectDependencies) = postProject
		{F699D2A3-E0FC-4434-A5C5-98885ACA8220} = {F699D2A3-E0FC-4434-A5C5-98885ACA8220}
	EndProjectSection
EndProject
Project("{FAE04EC0-301F-11D3-BF4B-00C04F79EFBC}") = "WebApplication", "..\WebApplication\WebApplication\WebApplication.csproj", "{1A51AA02-C4E2-4BB0-99DA-68E1E3CE1E7D}"
EndProject
Global
	GlobalSection(SolutionConfigurationPlatforms) = preSolution
		Debug|Any CPU = Debug|Any CPU
		Release|Any CPU = Release|Any CPU
	EndGlobalSection
	GlobalSection(ProjectConfigurationPlatforms) = postSolution
		{F699D2A3-E0FC-4434-A5C5-98885ACA8220}.Debug|Any CPU.ActiveCfg = Debug|Any CPU
		{F699D2A3-E0FC-4434-A5C5-98885ACA8220}.Debug|Any CPU.Build.0 = Debug|Any CPU
		{F699D2A3-E0FC-4434-A5C5-98885ACA8220}.Release|Any CPU.ActiveCfg = Release|Any CPU
		{F699D2A3-E0FC-4434-A5C5-98885ACA8220}.Release|Any CPU.Build.0 = Release|Any CPU
		{A9DB222A-04AE-4F6A-B964-AE3FA46D9E08}.Debug|Any CPU.ActiveCfg = Debug|Any CPU
		{A9DB222A-04AE-4F6A-B964-AE3FA46D9E08}.Debug|Any CPU.Build.0 = Debug|Any CPU
		{A9DB222A-04AE-4F6A-B964-AE3FA46D9E08}.Release|Any CPU.ActiveCfg = Release|Any CPU
		{A9DB222A-04AE-4F6A-B964-AE3FA46D9E08}.Release|Any CPU.Build.0 = Release|Any CPU
		{4C59E302-A51A-4BA4-B630-893BFA5492C9}.Debug|Any CPU.ActiveCfg = Debug|Any CPU
		{4C59E302-A51A-4BA4-B630-893BFA5492C9}.Debug|Any CPU.Build.0 = Debug|Any CPU
		{4C59E302-A51A-4BA4-B630-893BFA5492C9}.Release|Any CPU.ActiveCfg = Release|Any CPU
		{4C59E302-A51A-4BA4-B630-893BFA5492C9}.Release|Any CPU.Build.0 = Release|Any CPU
		{1A51AA02-C4E2-4BB0-99DA-68E1E3CE1E7D}.Debug|Any CPU.ActiveCfg = Debug|Any CPU
		{1A51AA02-C4E2-4BB0-99DA-68E1E3CE1E7D}.Debug|Any CPU.Build.0 = Debug|Any CPU
		{1A51AA02-C4E2-4BB0-99DA-68E1E3CE1E7D}.Release|Any CPU.ActiveCfg = Release|Any CPU
		{1A51AA02-C4E2-4BB0-99DA-68E1E3CE1E7D}.Release|Any CPU.Build.0 = Release|Any CPU
	EndGlobalSection
	GlobalSection(SolutionProperties) = preSolution
		HideSolutionNode = FALSE
	EndGlobalSection
EndGlobal
